
Microsoft Visual Studio Solution File, Format Version 12.00
# Visual Studio Version 17
VisualStudioVersion = 17.4.33103.184
MinimumVisualStudioVersion = 10.0.40219.1
Project("{FAE04EC0-301F-11D3-BF4B-00C04F79EFBC}") = "SharpSu2", "SharpSu2\SharpSu2.csproj", "{2AD8E52E-0168-45BC-9D5E-40A83059D2B3}"
EndProject
Global
	GlobalSection(SolutionConfigurationPlatforms) = preSolution
		Debug|Any CPU = Debug|Any CPU
		Release|Any CPU = Release|Any CPU
	EndGlobalSection
	GlobalSection(ProjectConfigurationPlatforms) = postSolution
		{2AD8E52E-0168-45BC-9D5E-40A83059D2B3}.Debug|Any CPU.ActiveCfg = Debug|Any CPU
		{2AD8E52E-0168-45BC-9D5E-40A83059D2B3}.Debug|Any CPU.Build.0 = Debug|Any CPU
		{2AD8E52E-0168-45BC-9D5E-40A83059D2B3}.Release|Any CPU.ActiveCfg = Release|Any CPU
		{2AD8E52E-0168-45BC-9D5E-40A83059D2B3}.Release|Any CPU.Build.0 = Release|Any CPU
	EndGlobalSection
	GlobalSection(SolutionProperties) = preSolution
		HideSolutionNode = FALSE
	EndGlobalSection
	GlobalSection(ExtensibilityGlobals) = postSolution
		SolutionGuid = {C92EFEF9-5E91-4ABD-8689-9A92129D35D2}
	EndGlobalSection
EndGlobal
